dependencies:
- name: postgresql
  repository: https://raw.githubusercontent.com/bitnami/charts/archive-full-index/bitnami
  version: 12.1.13
- name: nats
  repository: https://nats-io.github.io/k8s/helm/charts/
  version: 1.1.5
digest: sha256:d7b5fc428158252438bc3131fc272bee5cd68e9ecf370a6da6ddd82e31d8a17a
generated: "2023-12-08T18:11:13.778337+13:00"
