dependencies:
- name: postgresql
  repository: https://raw.githubusercontent.com/bitnami/charts/archive-full-index/bitnami
  version: 11.0.5
- name: nats
  repository: https://nats-io.github.io/k8s/helm/charts/
  version: 0.13.1
digest: sha256:35e31fc856a857cf12103691dbf7c199e33b2aac09380a634011f4570b37eba7
generated: "2023-02-01T17:42:41.770823+13:00"
