dependencies:
- name: postgresql
  repository: https://charts.bitnami.com/bitnami
  version: 11.9.6
- name: nats
  repository: https://nats-io.github.io/k8s/helm/charts/
  version: 0.18.0
digest: sha256:7ae06101303939eef2e0ce3e26ab78342998eb7541b981a64e3f79e5ab2e7e8e
generated: "2022-10-06T16:48:34.107659+13:00"
